
Microsoft Visual Studio Solution File, Format Version 12.00
# Visual Studio Version 16
VisualStudioVersion = 16.0.35706.149
MinimumVisualStudioVersion = 10.0.40219.1
Project("{FAE04EC0-301F-11D3-BF4B-00C04F79EFBC}") = "Wk2Ex1_Flory", "Wk2Ex1_Flory\Wk2Ex1_Flory.csproj", "{4D8FAB00-00B3-40D6-B597-E51FE1410589}"
EndProject
Global
	GlobalSection(SolutionConfigurationPlatforms) = preSolution
		Debug|Any CPU = Debug|Any CPU
		Release|Any CPU = Release|Any CPU
	EndGlobalSection
	GlobalSection(ProjectConfigurationPlatforms) = postSolution
		{4D8FAB00-00B3-40D6-B597-E51FE1410589}.Debug|Any CPU.ActiveCfg = Debug|Any CPU
		{4D8FAB00-00B3-40D6-B597-E51FE1410589}.Debug|Any CPU.Build.0 = Debug|Any CPU
		{4D8FAB00-00B3-40D6-B597-E51FE1410589}.Release|Any CPU.ActiveCfg = Release|Any CPU
		{4D8FAB00-00B3-40D6-B597-E51FE1410589}.Release|Any CPU.Build.0 = Release|Any CPU
	EndGlobalSection
	GlobalSection(SolutionProperties) = preSolution
		HideSolutionNode = FALSE
	EndGlobalSection
	GlobalSection(ExtensibilityGlobals) = postSolution
		SolutionGuid = {D8C6BC1D-F635-49F9-942B-402CF0EEB7C9}
	EndGlobalSection
EndGlobal
